
Microsoft Visual Studio Solution File, Format Version 12.00
# Visual Studio Version 17
VisualStudioVersion = 17.0.31912.275
MinimumVisualStudioVersion = 10.0.40219.1
Project("{FAE04EC0-301F-11D3-BF4B-00C04F79EFBC}") = "Section2", "Section2.csproj", "{2EA6BB05-D693-4922-8B15-5BCE10DBC5B2}"
EndProject
Global
	GlobalSection(SolutionConfigurationPlatforms) = preSolution
		Debug|Any CPU = Debug|Any CPU
		Release|Any CPU = Release|Any CPU
	EndGlobalSection
	GlobalSection(ProjectConfigurationPlatforms) = postSolution
		{2EA6BB05-D693-4922-8B15-5BCE10DBC5B2}.Debug|Any CPU.ActiveCfg = Debug|Any CPU
		{2EA6BB05-D693-4922-8B15-5BCE10DBC5B2}.Debug|Any CPU.Build.0 = Debug|Any CPU
		{2EA6BB05-D693-4922-8B15-5BCE10DBC5B2}.Release|Any CPU.ActiveCfg = Release|Any CPU
		{2EA6BB05-D693-4922-8B15-5BCE10DBC5B2}.Release|Any CPU.Build.0 = Release|Any CPU
	EndGlobalSection
	GlobalSection(SolutionProperties) = preSolution
		HideSolutionNode = FALSE
	EndGlobalSection
	GlobalSection(ExtensibilityGlobals) = postSolution
		SolutionGuid = {EEA766D2-EEC4-440A-BF91-57264D636154}
	EndGlobalSection
EndGlobal
